{
  "name": "ps_gsap",
  "version": "1.0.0",
  "lockfileVersion": 1,
  "requires": true,
  "dependencies": {
    "gsap": {
      "version": "3.0.1",
      "resolved": "https://registry.npmjs.org/gsap/-/gsap-3.0.1.tgz",
      "integrity": "sha512-9nzEBF7Ss9Ogyw6oEOXZxxVYH8WNRA/nHmIp3DrPOTKmlLxX9MN2ovSoH9TApA+rucBgp9veCedujp5oSQRvZw=="
    },
    "jquery": {
      "version": "3.4.1",
      "resolved": "https://registry.npmjs.org/jquery/-/jquery-3.4.1.tgz",
      "integrity": "sha512-36+AdBzCL+y6qjw5Tx7HgzeGCzC81MDDgaUP8ld2zhx58HdqXGoBd+tHdrBMiyjGQs0Hxs/MLZTu/eHNJJuWPw=="
    }
  }
}
